
Microsoft Visual Studio Solution File, Format Version 12.00
# Visual Studio Version 17
VisualStudioVersion = 17.1.32421.90
MinimumVisualStudioVersion = 10.0.40219.1
Project("{FAE04EC0-301F-11D3-BF4B-00C04F79EFBC}") = "CredexAPI", "CredexAPI.csproj", "{2974A6FA-8FC1-4689-BA2C-974DF07EF95B}"
EndProject
Global
	GlobalSection(SolutionConfigurationPlatforms) = preSolution
		Debug|Any CPU = Debug|Any CPU
		Release|Any CPU = Release|Any CPU
	EndGlobalSection
	GlobalSection(ProjectConfigurationPlatforms) = postSolution
		{2974A6FA-8FC1-4689-BA2C-974DF07EF95B}.Debug|Any CPU.ActiveCfg = Debug|Any CPU
		{2974A6FA-8FC1-4689-BA2C-974DF07EF95B}.Debug|Any CPU.Build.0 = Debug|Any CPU
		{2974A6FA-8FC1-4689-BA2C-974DF07EF95B}.Release|Any CPU.ActiveCfg = Release|Any CPU
		{2974A6FA-8FC1-4689-BA2C-974DF07EF95B}.Release|Any CPU.Build.0 = Release|Any CPU
	EndGlobalSection
	GlobalSection(SolutionProperties) = preSolution
		HideSolutionNode = FALSE
	EndGlobalSection
	GlobalSection(ExtensibilityGlobals) = postSolution
		SolutionGuid = {C344B2F8-94BD-4EC8-B73D-C7BA06FF3313}
	EndGlobalSection
EndGlobal
